
Microsoft Visual Studio Solution File, Format Version 12.00
# Visual Studio Express 2013 for Windows Desktop
VisualStudioVersion = 12.0.30501.0
MinimumVisualStudioVersion = 10.0.40219.1
Project("{FAE04EC0-301F-11D3-BF4B-00C04F79EFBC}") = "Project1", "Project1\Project1.csproj", "{861C94B5-9759-49E0-BC2B-171B7F5792A3}"
EndProject
Global
	GlobalSection(SolutionConfigurationPlatforms) = preSolution
		Debug|Any CPU = Debug|Any CPU
		Release|Any CPU = Release|Any CPU
	EndGlobalSection
	GlobalSection(ProjectConfigurationPlatforms) = postSolution
		{861C94B5-9759-49E0-BC2B-171B7F5792A3}.Debug|Any CPU.ActiveCfg = Debug|Any CPU
		{861C94B5-9759-49E0-BC2B-171B7F5792A3}.Debug|Any CPU.Build.0 = Debug|Any CPU
		{861C94B5-9759-49E0-BC2B-171B7F5792A3}.Release|Any CPU.ActiveCfg = Release|Any CPU
		{861C94B5-9759-49E0-BC2B-171B7F5792A3}.Release|Any CPU.Build.0 = Release|Any CPU
	EndGlobalSection
	GlobalSection(SolutionProperties) = preSolution
		HideSolutionNode = FALSE
	EndGlobalSection
EndGlobal
